{
  "requires": true,
  "lockfileVersion": 1,
  "dependencies": {
    "@types/geojson": {
      "version": "7946.0.7",
      "resolved": "https://registry.npmjs.org/@types/geojson/-/geojson-7946.0.7.tgz",
      "integrity": "sha512-wE2v81i4C4Ol09RtsWFAqg3BUitWbHSpSlIo+bNdsCJijO9sjme+zm+73ZMCa/qMC8UEERxzGbvmr1cffo2SiQ=="
    },
    "@types/supercluster": {
      "version": "5.0.2",
      "resolved": "https://registry.npmjs.org/@types/supercluster/-/supercluster-5.0.2.tgz",
      "integrity": "sha512-5PONNyiZXHS6oiW0H1rsNQ+Apkg+cqp3jP4HRhCAcgASIj3ifrFsdj1QB5TvArqT5N8RetK6UH7873COgRZwoQ==",
      "requires": {
        "@types/geojson": "*"
      }
    }
  }
}
